
Microsoft Visual Studio Solution File, Format Version 12.00
# Visual Studio Version 17
VisualStudioVersion = 17.8.34511.84
MinimumVisualStudioVersion = 10.0.40219.1
Project("{9A19103F-16F7-4668-BE54-9A1E7A4F7556}") = "Screenshot", "Screenshot\Screenshot.csproj", "{323E877B-C1C9-44A3-BA8C-9F7C17303012}"
EndProject
Project("{9A19103F-16F7-4668-BE54-9A1E7A4F7556}") = "Screenshot.App", "Screenshot.App\Screenshot.App.csproj", "{8605C55D-FBBC-42FF-A903-755545F9AE6A}"
EndProject
Project("{9A19103F-16F7-4668-BE54-9A1E7A4F7556}") = "Screenshot.Core", "Screenshot.Core\Screenshot.Core.csproj", "{9853E9B5-035F-4D6E-90AB-64F2B1E1C085}"
EndProject
Project("{2150E333-8FDC-42A3-9474-1A3956D46DE8}") = "Solution Items", "Solution Items", "{548448AF-8EC6-4321-A520-555D50861F8F}"
	ProjectSection(SolutionItems) = preProject
		.editorconfig = .editorconfig
		.gitattributes = .gitattributes
		.gitignore = .gitignore
		Directory.Build.props = Directory.Build.props
		LICENSE.txt = LICENSE.txt
		README.md = README.md
	EndProjectSection
EndProject
Project("{9A19103F-16F7-4668-BE54-9A1E7A4F7556}") = "Screenshot.Core.Specialized", "Screenshot.Core.Specialized\Screenshot.Core.Specialized.csproj", "{8BE9D36E-05DF-4597-802E-98F5BF87DC39}"
EndProject
Global
	GlobalSection(SolutionConfigurationPlatforms) = preSolution
		Debug|Any CPU = Debug|Any CPU
		Release|Any CPU = Release|Any CPU
	EndGlobalSection
	GlobalSection(ProjectConfigurationPlatforms) = postSolution
		{323E877B-C1C9-44A3-BA8C-9F7C17303012}.Debug|Any CPU.ActiveCfg = Debug|Any CPU
		{323E877B-C1C9-44A3-BA8C-9F7C17303012}.Debug|Any CPU.Build.0 = Debug|Any CPU
		{323E877B-C1C9-44A3-BA8C-9F7C17303012}.Release|Any CPU.ActiveCfg = Release|Any CPU
		{323E877B-C1C9-44A3-BA8C-9F7C17303012}.Release|Any CPU.Build.0 = Release|Any CPU
		{8605C55D-FBBC-42FF-A903-755545F9AE6A}.Debug|Any CPU.ActiveCfg = Debug|Any CPU
		{8605C55D-FBBC-42FF-A903-755545F9AE6A}.Debug|Any CPU.Build.0 = Debug|Any CPU
		{8605C55D-FBBC-42FF-A903-755545F9AE6A}.Release|Any CPU.ActiveCfg = Release|Any CPU
		{8605C55D-FBBC-42FF-A903-755545F9AE6A}.Release|Any CPU.Build.0 = Release|Any CPU
		{9853E9B5-035F-4D6E-90AB-64F2B1E1C085}.Debug|Any CPU.ActiveCfg = Debug|Any CPU
		{9853E9B5-035F-4D6E-90AB-64F2B1E1C085}.Debug|Any CPU.Build.0 = Debug|Any CPU
		{9853E9B5-035F-4D6E-90AB-64F2B1E1C085}.Release|Any CPU.ActiveCfg = Release|Any CPU
		{9853E9B5-035F-4D6E-90AB-64F2B1E1C085}.Release|Any CPU.Build.0 = Release|Any CPU
		{8BE9D36E-05DF-4597-802E-98F5BF87DC39}.Debug|Any CPU.ActiveCfg = Debug|Any CPU
		{8BE9D36E-05DF-4597-802E-98F5BF87DC39}.Debug|Any CPU.Build.0 = Debug|Any CPU
		{8BE9D36E-05DF-4597-802E-98F5BF87DC39}.Release|Any CPU.ActiveCfg = Release|Any CPU
		{8BE9D36E-05DF-4597-802E-98F5BF87DC39}.Release|Any CPU.Build.0 = Release|Any CPU
	EndGlobalSection
	GlobalSection(SolutionProperties) = preSolution
		HideSolutionNode = FALSE
	EndGlobalSection
	GlobalSection(ExtensibilityGlobals) = postSolution
		SolutionGuid = {505DA102-197A-4B02-BD8A-E0AB30647D8C}
	EndGlobalSection
EndGlobal
